
Microsoft Visual Studio Solution File, Format Version 12.00
# Visual Studio Version 17
VisualStudioVersion = 17.8.34511.84
MinimumVisualStudioVersion = 10.0.40219.1
Project("{FAE04EC0-301F-11D3-BF4B-00C04F79EFBC}") = "GerenciamentoDeLivros", "GerenciamentoDeLivros.csproj", "{34ADDA58-CFDD-4300-9C0D-E25F9430FD7B}"
EndProject
Project("{FAE04EC0-301F-11D3-BF4B-00C04F79EFBC}") = "GerenciarLivro.Test", "..\GerenciarLivro.Test\GerenciarLivro.Test.csproj", "{7734A100-9695-4689-A85B-AD8068731F41}"
EndProject
Global
	GlobalSection(SolutionConfigurationPlatforms) = preSolution
		Debug|Any CPU = Debug|Any CPU
		Release|Any CPU = Release|Any CPU
	EndGlobalSection
	GlobalSection(ProjectConfigurationPlatforms) = postSolution
		{34ADDA58-CFDD-4300-9C0D-E25F9430FD7B}.Debug|Any CPU.ActiveCfg = Debug|Any CPU
		{34ADDA58-CFDD-4300-9C0D-E25F9430FD7B}.Debug|Any CPU.Build.0 = Debug|Any CPU
		{34ADDA58-CFDD-4300-9C0D-E25F9430FD7B}.Release|Any CPU.ActiveCfg = Release|Any CPU
		{34ADDA58-CFDD-4300-9C0D-E25F9430FD7B}.Release|Any CPU.Build.0 = Release|Any CPU
		{7734A100-9695-4689-A85B-AD8068731F41}.Debug|Any CPU.ActiveCfg = Debug|Any CPU
		{7734A100-9695-4689-A85B-AD8068731F41}.Debug|Any CPU.Build.0 = Debug|Any CPU
		{7734A100-9695-4689-A85B-AD8068731F41}.Release|Any CPU.ActiveCfg = Release|Any CPU
		{7734A100-9695-4689-A85B-AD8068731F41}.Release|Any CPU.Build.0 = Release|Any CPU
	EndGlobalSection
	GlobalSection(SolutionProperties) = preSolution
		HideSolutionNode = FALSE
	EndGlobalSection
	GlobalSection(ExtensibilityGlobals) = postSolution
		SolutionGuid = {21FAC4FF-1FC1-4715-A855-5F4C79155A7F}
	EndGlobalSection
EndGlobal
